DO NOT MODIFY THIS FILE OR SHARE IT WITH ANYONE
9d138d8ae254f3223979393ce947ba9877a1860283b5f7c6d371e01ae66ca382a427ab1cc5e5d5e2080897b5b231b06e0ddb67764b453cd1c7e579c0475a1fad53a8ea1f96b10413866f4d3dc756958cebe8528c3ef4f82f6f494c7d8da58804a411c3e27bcc0cb2a2ef25d8939a99eb403c31b3cd360c95a039f1d837c89a54
4db412574cf06d5989f5f9335b6e062184e38661e4e1db69a571887e58a86615b15dc3719c035a7c306cc2dcd06f3ddbbfdc1e8469bf55d8a5c2bbec1ebdb54934a99df09f7c95001d38bca1cd862495e6c6db2460b87a8ed729ede34434c90543506fbb355a2e22684aa75a904c175c081ed40b8c5cfff75f51349eb698a8f6d98dd03ca0d64e5c1990df7088f787e6ae15441c6a495bec0429f82f6f33e8244c4f052e0b091c74f9bd
e312aad7a5fa282e8e1afc52c6bc1560d543174a2d6b54acf7d7d572e5ec61ff4b09ca3b29c527be084a8547d317362c3be45da2718bae0677bd9b86cb922dbba06b13cf4dc266eb1277a49fc9126a693ac97ff41bacfde0f03e566abfd71193072090ee3f9e850fb1d02ac5a3518e77f3a29ceec8d60080d421369961fc7016