DO NOT MODIFY THIS FILE OR SHARE IT WITH ANYONE
74b5c3d5474061f0564d28353fb15ccb9a4d3c77267aeb8ff952020749d8a7fb30d425d49fa0914838e5e2190b716f74f8978c78460cbba6ed4610531c26a5fdc9de10137172c3b804c33c947b54232bd2e256a2ccc50a8a364da3241c7f5ed25e83391aff1e3bf4b011d2833af6df24e134b3ba052d2a349debb858f37cd3a1
d961d7333b2223fd3ac6212576e60686f45eb545f3e170a8a2ab5359f82a26b7a821334955438666e1ae907cadb7a487c721f477d2c661428e0aa0497ffdef9ee8c438c83e6aa69d5c4678acdf4e25f82544951075cb24d910ff50cc3726cc289e9f5636495cda1f35c29c30a96d590b2cc70c67bd263a9f610a95d889310700136d1efde94ad606eb8d26d742b3fbf7d7d8b93f0c1fc2b14a66b8bfe1431d611e6818de68d3f43757985b630d80f5d0fd128a875185a0c92cb5c0e133ded4208a4ef2037dd76a7238b85573020595c9035b58dde0209403a9363977
20e3b11c4e852aac56e1c8dcec518118b5be9cad60dc2c7ba206afd2323d63627f9e6687e7eae2887de2f60ea77e506a9abb1180e06b1f32a743a2325ebc309d46f4660a9b4fba5d39b57a07cfd2a3aee376694ce67489b48cf7f9906ff9fe007598edeb27178c274dc9cc1a485ab156a9d6b3a6e18befc64179bb80cff72252